
Microsoft Visual Studio Solution File, Format Version 12.00
Project("{FAE04EC0-301F-11D3-BF4B-00C04F79EFBC}") = "VideoMenu", "VideoMenu\VideoMenu.csproj", "{FA0A24C2-000C-4E7A-A06C-343A6223A357}"
EndProject
Project("{FAE04EC0-301F-11D3-BF4B-00C04F79EFBC}") = "StringConstants", "StringConstants\StringConstants.csproj", "{B2D927BC-5ECD-4558-96B9-4F775A7DF146}"
EndProject
Project("{FAE04EC0-301F-11D3-BF4B-00C04F79EFBC}") = "MovieManager", "MovieManager\MovieManager.csproj", "{D9F2184D-032C-4E3C-BC10-9B5BCF7A2011}"
EndProject
Project("{FAE04EC0-301F-11D3-BF4B-00C04F79EFBC}") = "MovieStorage", "MovieStorage\MovieStorage.csproj", "{D1383495-F628-4FCC-AE0B-6F5CCCF51DC7}"
EndProject
Project("{2150E333-8FDC-42A3-9474-1A3956D46DE8}") = "UI", "UI", "{F1A33271-F7B3-4300-B642-E948D601A5E3}"
EndProject
Project("{2150E333-8FDC-42A3-9474-1A3956D46DE8}") = "Core", "Core", "{3288E1FF-DD7F-4493-AB0B-D1864850E50C}"
EndProject
Project("{2150E333-8FDC-42A3-9474-1A3956D46DE8}") = "Infrastructure", "Infrastructure", "{6224EAAD-F0D0-43AF-80EC-2F732761788D}"
EndProject
Project("{FAE04EC0-301F-11D3-BF4B-00C04F79EFBC}") = "VideoMenu.Core", "VideoMenu.Core\VideoMenu.Core.csproj", "{C446AE52-7B8B-4022-B6F5-9D54CE897387}"
EndProject
Project("{FAE04EC0-301F-11D3-BF4B-00C04F79EFBC}") = "VideoMenu.Infrastracture.DataAccess", "VideoMenu.Infrastracture.DataAccess\VideoMenu.Infrastracture.DataAccess.csproj", "{D6B920F6-CC32-4D68-AA0D-70DF9C5AA30C}"
EndProject
Global
	GlobalSection(SolutionConfigurationPlatforms) = preSolution
		Debug|Any CPU = Debug|Any CPU
		Release|Any CPU = Release|Any CPU
	EndGlobalSection
	GlobalSection(ProjectConfigurationPlatforms) = postSolution
		{FA0A24C2-000C-4E7A-A06C-343A6223A357}.Debug|Any CPU.ActiveCfg = Debug|Any CPU
		{FA0A24C2-000C-4E7A-A06C-343A6223A357}.Debug|Any CPU.Build.0 = Debug|Any CPU
		{FA0A24C2-000C-4E7A-A06C-343A6223A357}.Release|Any CPU.ActiveCfg = Release|Any CPU
		{FA0A24C2-000C-4E7A-A06C-343A6223A357}.Release|Any CPU.Build.0 = Release|Any CPU
		{B2D927BC-5ECD-4558-96B9-4F775A7DF146}.Debug|Any CPU.ActiveCfg = Debug|Any CPU
		{B2D927BC-5ECD-4558-96B9-4F775A7DF146}.Debug|Any CPU.Build.0 = Debug|Any CPU
		{B2D927BC-5ECD-4558-96B9-4F775A7DF146}.Release|Any CPU.ActiveCfg = Release|Any CPU
		{B2D927BC-5ECD-4558-96B9-4F775A7DF146}.Release|Any CPU.Build.0 = Release|Any CPU
		{D9F2184D-032C-4E3C-BC10-9B5BCF7A2011}.Debug|Any CPU.ActiveCfg = Debug|Any CPU
		{D9F2184D-032C-4E3C-BC10-9B5BCF7A2011}.Debug|Any CPU.Build.0 = Debug|Any CPU
		{D9F2184D-032C-4E3C-BC10-9B5BCF7A2011}.Release|Any CPU.ActiveCfg = Release|Any CPU
		{D9F2184D-032C-4E3C-BC10-9B5BCF7A2011}.Release|Any CPU.Build.0 = Release|Any CPU
		{D1383495-F628-4FCC-AE0B-6F5CCCF51DC7}.Debug|Any CPU.ActiveCfg = Debug|Any CPU
		{D1383495-F628-4FCC-AE0B-6F5CCCF51DC7}.Debug|Any CPU.Build.0 = Debug|Any CPU
		{D1383495-F628-4FCC-AE0B-6F5CCCF51DC7}.Release|Any CPU.ActiveCfg = Release|Any CPU
		{D1383495-F628-4FCC-AE0B-6F5CCCF51DC7}.Release|Any CPU.Build.0 = Release|Any CPU
		{C446AE52-7B8B-4022-B6F5-9D54CE897387}.Debug|Any CPU.ActiveCfg = Debug|Any CPU
		{C446AE52-7B8B-4022-B6F5-9D54CE897387}.Debug|Any CPU.Build.0 = Debug|Any CPU
		{C446AE52-7B8B-4022-B6F5-9D54CE897387}.Release|Any CPU.ActiveCfg = Release|Any CPU
		{C446AE52-7B8B-4022-B6F5-9D54CE897387}.Release|Any CPU.Build.0 = Release|Any CPU
		{D6B920F6-CC32-4D68-AA0D-70DF9C5AA30C}.Debug|Any CPU.ActiveCfg = Debug|Any CPU
		{D6B920F6-CC32-4D68-AA0D-70DF9C5AA30C}.Debug|Any CPU.Build.0 = Debug|Any CPU
		{D6B920F6-CC32-4D68-AA0D-70DF9C5AA30C}.Release|Any CPU.ActiveCfg = Release|Any CPU
		{D6B920F6-CC32-4D68-AA0D-70DF9C5AA30C}.Release|Any CPU.Build.0 = Release|Any CPU
	EndGlobalSection
	GlobalSection(NestedProjects) = preSolution
		{B2D927BC-5ECD-4558-96B9-4F775A7DF146} = {F1A33271-F7B3-4300-B642-E948D601A5E3}
		{FA0A24C2-000C-4E7A-A06C-343A6223A357} = {F1A33271-F7B3-4300-B642-E948D601A5E3}
		{C446AE52-7B8B-4022-B6F5-9D54CE897387} = {3288E1FF-DD7F-4493-AB0B-D1864850E50C}
		{D6B920F6-CC32-4D68-AA0D-70DF9C5AA30C} = {6224EAAD-F0D0-43AF-80EC-2F732761788D}
	EndGlobalSection
EndGlobal
