
Microsoft Visual Studio Solution File, Format Version 12.00
Project("{FAE04EC0-301F-11D3-BF4B-00C04F79EFBC}") = "VideoMenu", "VideoMenu\VideoMenu.csproj", "{FA0A24C2-000C-4E7A-A06C-343A6223A357}"
EndProject
Project("{FAE04EC0-301F-11D3-BF4B-00C04F79EFBC}") = "Models", "Models\Models.csproj", "{B6692C15-C80C-4F1E-97FA-DA6B3CE7F49A}"
EndProject
Global
	GlobalSection(SolutionConfigurationPlatforms) = preSolution
		Debug|Any CPU = Debug|Any CPU
		Release|Any CPU = Release|Any CPU
	EndGlobalSection
	GlobalSection(ProjectConfigurationPlatforms) = postSolution
		{FA0A24C2-000C-4E7A-A06C-343A6223A357}.Debug|Any CPU.ActiveCfg = Debug|Any CPU
		{FA0A24C2-000C-4E7A-A06C-343A6223A357}.Debug|Any CPU.Build.0 = Debug|Any CPU
		{FA0A24C2-000C-4E7A-A06C-343A6223A357}.Release|Any CPU.ActiveCfg = Release|Any CPU
		{FA0A24C2-000C-4E7A-A06C-343A6223A357}.Release|Any CPU.Build.0 = Release|Any CPU
		{B6692C15-C80C-4F1E-97FA-DA6B3CE7F49A}.Debug|Any CPU.ActiveCfg = Debug|Any CPU
		{B6692C15-C80C-4F1E-97FA-DA6B3CE7F49A}.Debug|Any CPU.Build.0 = Debug|Any CPU
		{B6692C15-C80C-4F1E-97FA-DA6B3CE7F49A}.Release|Any CPU.ActiveCfg = Release|Any CPU
		{B6692C15-C80C-4F1E-97FA-DA6B3CE7F49A}.Release|Any CPU.Build.0 = Release|Any CPU
	EndGlobalSection
EndGlobal
